{
  "lockfile_version": "1",
  "packages": {
    "crossplane-cli@2.0.2": {
      "last_modified": "2025-09-18T16:33:27Z",
      "resolved": "github:NixOS/nixpkgs/f4b140d5b253f5e2a1ff4e5506edbf8267724bde#crossplane-cli",
      "source": "devbox-search",
      "version": "2.0.2",
      "systems": {
        "aarch64-darwin": {
          "outputs": [
            {
              "name": "out",
              "path": "/nix/store/jbypcyy9kj5mscr5rzgqf4aygqgzdgg9-crossplane-cli-2.0.2",
              "default": true
            }
          ],
          "store_path": "/nix/store/jbypcyy9kj5mscr5rzgqf4aygqgzdgg9-crossplane-cli-2.0.2"
        },
        "aarch64-linux": {
          "outputs": [
            {
              "name": "out",
              "path": "/nix/store/qskn4r7idm575273lzhr2qh4swxnilhs-crossplane-cli-2.0.2",
              "default": true
            }
          ],
          "store_path": "/nix/store/qskn4r7idm575273lzhr2qh4swxnilhs-crossplane-cli-2.0.2"
        },
        "x86_64-darwin": {
          "outputs": [
            {
              "name": "out",
              "path": "/nix/store/6v58d47c2y7fwmlaagn1pfrly61na7y0-crossplane-cli-2.0.2",
              "default": true
            }
          ],
          "store_path": "/nix/store/6v58d47c2y7fwmlaagn1pfrly61na7y0-crossplane-cli-2.0.2"
        },
        "x86_64-linux": {
          "outputs": [
            {
              "name": "out",
              "path": "/nix/store/ipz24zlzq3qbi6rbrw6yydg3i20gjshk-crossplane-cli-2.0.2",
              "default": true
            }
          ],
          "store_path": "/nix/store/ipz24zlzq3qbi6rbrw6yydg3i20gjshk-crossplane-cli-2.0.2"
        }
      }
    },
    "envsubst@1.4.2": {
      "last_modified": "2025-01-19T08:16:51Z",
      "resolved": "github:NixOS/nixpkgs/50165c4f7eb48ce82bd063e1fb8047a0f515f8ce#envsubst",
      "source": "devbox-search",
      "version": "1.4.2",
      "systems": {
        "aarch64-darwin": {
          "outputs": [
            {
              "name": "out",
              "path": "/nix/store/6gfs75frkqj4br111lpd7bscgkvw9ydr-envsubst-1.4.2",
              "default": true
            }
          ],
          "store_path": "/nix/store/6gfs75frkqj4br111lpd7bscgkvw9ydr-envsubst-1.4.2"
        },
        "aarch64-linux": {
          "outputs": [
            {
              "name": "out",
              "path": "/nix/store/rz8kslljmy8z1mx50dnaf68p0d4k0km2-envsubst-1.4.2",
              "default": true
            }
          ],
          "store_path": "/nix/store/rz8kslljmy8z1mx50dnaf68p0d4k0km2-envsubst-1.4.2"
        },
        "x86_64-darwin": {
          "outputs": [
            {
              "name": "out",
              "path": "/nix/store/r042ygqqpamyiv5xvf1ij38c8hv5c6mh-envsubst-1.4.2",
              "default": true
            }
          ],
          "store_path": "/nix/store/r042ygqqpamyiv5xvf1ij38c8hv5c6mh-envsubst-1.4.2"
        },
        "x86_64-linux": {
          "outputs": [
            {
              "name": "out",
              "path": "/nix/store/snlai7nxkq71sl2jchy6a8zv7bfaf46q-envsubst-1.4.2",
              "default": true
            }
          ],
          "store_path": "/nix/store/snlai7nxkq71sl2jchy6a8zv7bfaf46q-envsubst-1.4.2"
        }
      }
    },
    "go-task@3.41.0": {
      "last_modified": "2025-01-19T08:16:51Z",
      "resolved": "github:NixOS/nixpkgs/50165c4f7eb48ce82bd063e1fb8047a0f515f8ce#go-task",
      "source": "devbox-search",
      "version": "3.41.0",
      "systems": {
        "aarch64-darwin": {
          "outputs": [
            {
              "name": "out",
              "path": "/nix/store/v4vvksxrgyxdyhb1hvvap5sqp4ycl7xv-go-task-3.41.0",
              "default": true
            }
          ],
          "store_path": "/nix/store/v4vvksxrgyxdyhb1hvvap5sqp4ycl7xv-go-task-3.41.0"
        },
        "aarch64-linux": {
          "outputs": [
            {
              "name": "out",
              "path": "/nix/store/iq7vnz78z8ff1px700ra1j4iinfsvhjg-go-task-3.41.0",
              "default": true
            }
          ],
          "store_path": "/nix/store/iq7vnz78z8ff1px700ra1j4iinfsvhjg-go-task-3.41.0"
        },
        "x86_64-darwin": {
          "outputs": [
            {
              "name": "out",
              "path": "/nix/store/bf1zwbad0cqwhpcjylynpx18c8ylm6nx-go-task-3.41.0",
              "default": true
            }
          ],
          "store_path": "/nix/store/bf1zwbad0cqwhpcjylynpx18c8ylm6nx-go-task-3.41.0"
        },
        "x86_64-linux": {
          "outputs": [
            {
              "name": "out",
              "path": "/nix/store/cbz45j0wbsp929rd8381ifbiqxy7jp71-go-task-3.41.0",
              "default": true
            }
          ],
          "store_path": "/nix/store/cbz45j0wbsp929rd8381ifbiqxy7jp71-go-task-3.41.0"
        }
      }
    },
    "kubectl@1.31.2": {
      "last_modified": "2024-12-03T12:40:06Z",
      "resolved": "github:NixOS/nixpkgs/566e53c2ad750c84f6d31f9ccb9d00f823165550#kubectl",
      "source": "devbox-search",
      "version": "1.31.2",
      "systems": {
        "aarch64-darwin": {
          "outputs": [
            {
              "name": "out",
              "path": "/nix/store/4h9x0qgwzy2ck8zbcr0rs9wa7r9d2w1d-kubectl-1.31.2",
              "default": true
            },
            {
              "name": "man",
              "path": "/nix/store/7zcwgck6jgiq6akld3d58araw9cpxn1z-kubectl-1.31.2-man",
              "default": true
            },
            {
              "name": "convert",
              "path": "/nix/store/1ws1665h5aja4l1756g1qxqsc15z4skg-kubectl-1.31.2-convert"
            }
          ],
          "store_path": "/nix/store/4h9x0qgwzy2ck8zbcr0rs9wa7r9d2w1d-kubectl-1.31.2"
        },
        "aarch64-linux": {
          "outputs": [
            {
              "name": "out",
              "path": "/nix/store/hs22srzb0xw25047q72lzf8yvkyndayp-kubectl-1.31.2",
              "default": true
            },
            {
              "name": "man",
              "path": "/nix/store/m6pgvbcpw5yyiy5f2106ihkapk7kjv9l-kubectl-1.31.2-man",
              "default": true
            },
            {
              "name": "convert",
              "path": "/nix/store/mk43xaa0hzc5hsg115nfa89h8p05l70n-kubectl-1.31.2-convert"
            }
          ],
          "store_path": "/nix/store/hs22srzb0xw25047q72lzf8yvkyndayp-kubectl-1.31.2"
        },
        "x86_64-darwin": {
          "outputs": [
            {
              "name": "out",
              "path": "/nix/store/gly4lkqmncv1w3f8prsqkxwdbvqgkl9n-kubectl-1.31.2",
              "default": true
            },
            {
              "name": "man",
              "path": "/nix/store/akj5kj9i82b7qsqknmdr20ga4z48yf62-kubectl-1.31.2-man",
              "default": true
            },
            {
              "name": "convert",
              "path": "/nix/store/vxzk15k7vikpvy3l6cxndh97p68giaa6-kubectl-1.31.2-convert"
            }
          ],
          "store_path": "/nix/store/gly4lkqmncv1w3f8prsqkxwdbvqgkl9n-kubectl-1.31.2"
        },
        "x86_64-linux": {
          "outputs": [
            {
              "name": "out",
              "path": "/nix/store/1j9p9ln3z15hr13vnk1xgn3l7jhginph-kubectl-1.31.2",
              "default": true
            },
            {
              "name": "man",
              "path": "/nix/store/578hzmyh3y8lzrc8z9c6cpq2br34cvbm-kubectl-1.31.2-man",
              "default": true
            },
            {
              "name": "convert",
              "path": "/nix/store/3ydlgf7gg4b92bkbf6ipqrr2khkag66w-kubectl-1.31.2-convert"
            }
          ],
          "store_path": "/nix/store/1j9p9ln3z15hr13vnk1xgn3l7jhginph-kubectl-1.31.2"
        }
      }
    },
    "kyverno-chainsaw@0.2.12": {
      "last_modified": "2025-01-19T08:16:51Z",
      "resolved": "github:NixOS/nixpkgs/50165c4f7eb48ce82bd063e1fb8047a0f515f8ce#kyverno-chainsaw",
      "source": "devbox-search",
      "version": "0.2.12",
      "systems": {
        "aarch64-darwin": {
          "outputs": [
            {
              "name": "out",
              "path": "/nix/store/v1vh5z91ypsyyb0abh5rqxd5hidhyj0f-kyverno-chainsaw-0.2.12",
              "default": true
            }
          ],
          "store_path": "/nix/store/v1vh5z91ypsyyb0abh5rqxd5hidhyj0f-kyverno-chainsaw-0.2.12"
        },
        "aarch64-linux": {
          "outputs": [
            {
              "name": "out",
              "path": "/nix/store/8jmh6faqwbx5g2wyj8czvl5n14gfpxx9-kyverno-chainsaw-0.2.12",
              "default": true
            }
          ],
          "store_path": "/nix/store/8jmh6faqwbx5g2wyj8czvl5n14gfpxx9-kyverno-chainsaw-0.2.12"
        },
        "x86_64-darwin": {
          "outputs": [
            {
              "name": "out",
              "path": "/nix/store/mfi7c8ky8kwy1pj37hpamkwr2m6px461-kyverno-chainsaw-0.2.12",
              "default": true
            }
          ],
          "store_path": "/nix/store/mfi7c8ky8kwy1pj37hpamkwr2m6px461-kyverno-chainsaw-0.2.12"
        },
        "x86_64-linux": {
          "outputs": [
            {
              "name": "out",
              "path": "/nix/store/q9znv398daff24b5hr7x5qgx9iyf6ip8-kyverno-chainsaw-0.2.12",
              "default": true
            }
          ],
          "store_path": "/nix/store/q9znv398daff24b5hr7x5qgx9iyf6ip8-kyverno-chainsaw-0.2.12"
        }
      }
    },
    "mongosh@2.3.7": {
      "last_modified": "2025-01-19T08:16:51Z",
      "resolved": "github:NixOS/nixpkgs/50165c4f7eb48ce82bd063e1fb8047a0f515f8ce#mongosh",
      "source": "devbox-search",
      "version": "2.3.7",
      "systems": {
        "aarch64-darwin": {
          "outputs": [
            {
              "name": "out",
              "path": "/nix/store/yz0x0yll9yxmxrxm0m8xwzd05jqjvlxn-mongosh-2.3.7",
              "default": true
            }
          ],
          "store_path": "/nix/store/yz0x0yll9yxmxrxm0m8xwzd05jqjvlxn-mongosh-2.3.7"
        },
        "aarch64-linux": {
          "outputs": [
            {
              "name": "out",
              "path": "/nix/store/q97m3mdz966qbmvl7yyp69wasbwhhdyd-mongosh-2.3.7",
              "default": true
            }
          ],
          "store_path": "/nix/store/q97m3mdz966qbmvl7yyp69wasbwhhdyd-mongosh-2.3.7"
        },
        "x86_64-darwin": {
          "outputs": [
            {
              "name": "out",
              "path": "/nix/store/jagzqjam4q08l8hjcak30cngbzmzkhvh-mongosh-2.3.7",
              "default": true
            }
          ],
          "store_path": "/nix/store/jagzqjam4q08l8hjcak30cngbzmzkhvh-mongosh-2.3.7"
        },
        "x86_64-linux": {
          "outputs": [
            {
              "name": "out",
              "path": "/nix/store/7yxx0734i7ync4q7khhwwblh7k6vags4-mongosh-2.3.7",
              "default": true
            }
          ],
          "store_path": "/nix/store/7yxx0734i7ync4q7khhwwblh7k6vags4-mongosh-2.3.7"
        }
      }
    },
    "nushell@0.101.0": {
      "last_modified": "2025-01-19T08:16:51Z",
      "resolved": "github:NixOS/nixpkgs/50165c4f7eb48ce82bd063e1fb8047a0f515f8ce#nushell",
      "source": "devbox-search",
      "version": "0.101.0",
      "systems": {
        "aarch64-darwin": {
          "outputs": [
            {
              "name": "out",
              "path": "/nix/store/y41pymjy1lzfwvz5cwn1bz7nlnb8dwfc-nushell-0.101.0",
              "default": true
            }
          ],
          "store_path": "/nix/store/y41pymjy1lzfwvz5cwn1bz7nlnb8dwfc-nushell-0.101.0"
        },
        "aarch64-linux": {
          "outputs": [
            {
              "name": "out",
              "path": "/nix/store/kdadjn4w5kng8yrrnvx9id82rshqf9nz-nushell-0.101.0",
              "default": true
            }
          ],
          "store_path": "/nix/store/kdadjn4w5kng8yrrnvx9id82rshqf9nz-nushell-0.101.0"
        },
        "x86_64-darwin": {
          "outputs": [
            {
              "name": "out",
              "path": "/nix/store/nd9k6i5pww4mqh530pcqfbjfgazizjs3-nushell-0.101.0",
              "default": true
            }
          ],
          "store_path": "/nix/store/nd9k6i5pww4mqh530pcqfbjfgazizjs3-nushell-0.101.0"
        },
        "x86_64-linux": {
          "outputs": [
            {
              "name": "out",
              "path": "/nix/store/pd8rdrp5m1skfar69s5rsmb7laf3di96-nushell-0.101.0",
              "default": true
            }
          ],
          "store_path": "/nix/store/pd8rdrp5m1skfar69s5rsmb7laf3di96-nushell-0.101.0"
        }
      }
    }
  }
}
