{
  "lockfile_version": "1",
  "packages": {
    "crossplane-cli@1.20.0": {
      "last_modified": "2025-05-24T21:46:02Z",
      "resolved": "github:NixOS/nixpkgs/edb3633f9100d9277d1c9af245a4e9337a980c07#crossplane-cli",
      "source": "devbox-search",
      "version": "1.20.0",
      "systems": {
        "aarch64-darwin": {
          "outputs": [
            {
              "name": "out",
              "path": "/nix/store/qp92q8nijc35f1fhqqw6lbpfj2h2bqz8-crossplane-cli-1.20.0",
              "default": true
            }
          ],
          "store_path": "/nix/store/qp92q8nijc35f1fhqqw6lbpfj2h2bqz8-crossplane-cli-1.20.0"
        },
        "aarch64-linux": {
          "outputs": [
            {
              "name": "out",
              "path": "/nix/store/v877870zdg4wh6q4dqhkic1vlvdd088y-crossplane-cli-1.20.0",
              "default": true
            }
          ],
          "store_path": "/nix/store/v877870zdg4wh6q4dqhkic1vlvdd088y-crossplane-cli-1.20.0"
        },
        "x86_64-darwin": {
          "outputs": [
            {
              "name": "out",
              "path": "/nix/store/h66dvlv0nfw9i163kbd7l25pbqjz66yr-crossplane-cli-1.20.0",
              "default": true
            }
          ],
          "store_path": "/nix/store/h66dvlv0nfw9i163kbd7l25pbqjz66yr-crossplane-cli-1.20.0"
        },
        "x86_64-linux": {
          "outputs": [
            {
              "name": "out",
              "path": "/nix/store/qmdm9gg6v740jnf30ral05mdmaz5x9cf-crossplane-cli-1.20.0",
              "default": true
            }
          ],
          "store_path": "/nix/store/qmdm9gg6v740jnf30ral05mdmaz5x9cf-crossplane-cli-1.20.0"
        }
      }
    },
    "envsubst@1.4.2": {
      "last_modified": "2025-01-19T08:16:51Z",
      "resolved": "github:NixOS/nixpkgs/50165c4f7eb48ce82bd063e1fb8047a0f515f8ce#envsubst",
      "source": "devbox-search",
      "version": "1.4.2",
      "systems": {
        "aarch64-darwin": {
          "outputs": [
            {
              "name": "out",
              "path": "/nix/store/6gfs75frkqj4br111lpd7bscgkvw9ydr-envsubst-1.4.2",
              "default": true
            }
          ],
          "store_path": "/nix/store/6gfs75frkqj4br111lpd7bscgkvw9ydr-envsubst-1.4.2"
        },
        "aarch64-linux": {
          "outputs": [
            {
              "name": "out",
              "path": "/nix/store/rz8kslljmy8z1mx50dnaf68p0d4k0km2-envsubst-1.4.2",
              "default": true
            }
          ],
          "store_path": "/nix/store/rz8kslljmy8z1mx50dnaf68p0d4k0km2-envsubst-1.4.2"
        },
        "x86_64-darwin": {
          "outputs": [
            {
              "name": "out",
              "path": "/nix/store/r042ygqqpamyiv5xvf1ij38c8hv5c6mh-envsubst-1.4.2",
              "default": true
            }
          ],
          "store_path": "/nix/store/r042ygqqpamyiv5xvf1ij38c8hv5c6mh-envsubst-1.4.2"
        },
        "x86_64-linux": {
          "outputs": [
            {
              "name": "out",
              "path": "/nix/store/snlai7nxkq71sl2jchy6a8zv7bfaf46q-envsubst-1.4.2",
              "default": true
            }
          ],
          "store_path": "/nix/store/snlai7nxkq71sl2jchy6a8zv7bfaf46q-envsubst-1.4.2"
        }
      }
    },
    "go-task@3.41.0": {
      "last_modified": "2025-01-19T08:16:51Z",
      "resolved": "github:NixOS/nixpkgs/50165c4f7eb48ce82bd063e1fb8047a0f515f8ce#go-task",
      "source": "devbox-search",
      "version": "3.41.0",
      "systems": {
        "aarch64-darwin": {
          "outputs": [
            {
              "name": "out",
              "path": "/nix/store/v4vvksxrgyxdyhb1hvvap5sqp4ycl7xv-go-task-3.41.0",
              "default": true
            }
          ],
          "store_path": "/nix/store/v4vvksxrgyxdyhb1hvvap5sqp4ycl7xv-go-task-3.41.0"
        },
        "aarch64-linux": {
          "outputs": [
            {
              "name": "out",
              "path": "/nix/store/iq7vnz78z8ff1px700ra1j4iinfsvhjg-go-task-3.41.0",
              "default": true
            }
          ],
          "store_path": "/nix/store/iq7vnz78z8ff1px700ra1j4iinfsvhjg-go-task-3.41.0"
        },
        "x86_64-darwin": {
          "outputs": [
            {
              "name": "out",
              "path": "/nix/store/bf1zwbad0cqwhpcjylynpx18c8ylm6nx-go-task-3.41.0",
              "default": true
            }
          ],
          "store_path": "/nix/store/bf1zwbad0cqwhpcjylynpx18c8ylm6nx-go-task-3.41.0"
        },
        "x86_64-linux": {
          "outputs": [
            {
              "name": "out",
              "path": "/nix/store/cbz45j0wbsp929rd8381ifbiqxy7jp71-go-task-3.41.0",
              "default": true
            }
          ],
          "store_path": "/nix/store/cbz45j0wbsp929rd8381ifbiqxy7jp71-go-task-3.41.0"
        }
      }
    },
    "kubectl@1.34.1": {
      "last_modified": "2025-10-07T08:41:47Z",
      "resolved": "github:NixOS/nixpkgs/bce5fe2bb998488d8e7e7856315f90496723793c#kubectl",
      "source": "devbox-search",
      "version": "1.34.1",
      "systems": {
        "aarch64-darwin": {
          "outputs": [
            {
              "name": "out",
              "path": "/nix/store/2ih54prydy1k2s0zsjhkplk8sgcj95kc-kubectl-1.34.1",
              "default": true
            },
            {
              "name": "man",
              "path": "/nix/store/3rvrkr29q5rsb9scrxaw7bnxqplj8lzc-kubectl-1.34.1-man",
              "default": true
            },
            {
              "name": "convert",
              "path": "/nix/store/3xinznz678q5layrhy76q8chl9g7q0m6-kubectl-1.34.1-convert"
            }
          ],
          "store_path": "/nix/store/2ih54prydy1k2s0zsjhkplk8sgcj95kc-kubectl-1.34.1"
        },
        "aarch64-linux": {
          "outputs": [
            {
              "name": "out",
              "path": "/nix/store/kwyzcnrnmp32rh8yamhckddjnsyb7wv8-kubectl-1.34.1",
              "default": true
            },
            {
              "name": "man",
              "path": "/nix/store/1lib1cii7f7ks82bgq3shf3pa4bvfwlw-kubectl-1.34.1-man",
              "default": true
            },
            {
              "name": "convert",
              "path": "/nix/store/b2i2xpyf726nvf0wznanvk9wx4kyhxn0-kubectl-1.34.1-convert"
            }
          ],
          "store_path": "/nix/store/kwyzcnrnmp32rh8yamhckddjnsyb7wv8-kubectl-1.34.1"
        },
        "x86_64-darwin": {
          "outputs": [
            {
              "name": "out",
              "path": "/nix/store/nsldgqqryn057z8356yip0lxnhhn7azy-kubectl-1.34.1",
              "default": true
            },
            {
              "name": "man",
              "path": "/nix/store/97ky0g57awcjskva2zyyczqvg5ab9iq4-kubectl-1.34.1-man",
              "default": true
            },
            {
              "name": "convert",
              "path": "/nix/store/wwy8yalmwwz6m2rjc2fasdihc83gh9kv-kubectl-1.34.1-convert"
            }
          ],
          "store_path": "/nix/store/nsldgqqryn057z8356yip0lxnhhn7azy-kubectl-1.34.1"
        },
        "x86_64-linux": {
          "outputs": [
            {
              "name": "out",
              "path": "/nix/store/5fs5bi2b03j7b1s05h317iszhm8q23x7-kubectl-1.34.1",
              "default": true
            },
            {
              "name": "man",
              "path": "/nix/store/zsl5hlc1rgy52ljdkl0f5vfcp4vfs9gr-kubectl-1.34.1-man",
              "default": true
            },
            {
              "name": "convert",
              "path": "/nix/store/0xapfmzqh1lwmm7xkwca43k5pr65p32b-kubectl-1.34.1-convert"
            }
          ],
          "store_path": "/nix/store/5fs5bi2b03j7b1s05h317iszhm8q23x7-kubectl-1.34.1"
        }
      }
    },
    "kyverno-chainsaw@0.2.12": {
      "last_modified": "2025-01-19T08:16:51Z",
      "resolved": "github:NixOS/nixpkgs/50165c4f7eb48ce82bd063e1fb8047a0f515f8ce#kyverno-chainsaw",
      "source": "devbox-search",
      "version": "0.2.12",
      "systems": {
        "aarch64-darwin": {
          "outputs": [
            {
              "name": "out",
              "path": "/nix/store/v1vh5z91ypsyyb0abh5rqxd5hidhyj0f-kyverno-chainsaw-0.2.12",
              "default": true
            }
          ],
          "store_path": "/nix/store/v1vh5z91ypsyyb0abh5rqxd5hidhyj0f-kyverno-chainsaw-0.2.12"
        },
        "aarch64-linux": {
          "outputs": [
            {
              "name": "out",
              "path": "/nix/store/8jmh6faqwbx5g2wyj8czvl5n14gfpxx9-kyverno-chainsaw-0.2.12",
              "default": true
            }
          ],
          "store_path": "/nix/store/8jmh6faqwbx5g2wyj8czvl5n14gfpxx9-kyverno-chainsaw-0.2.12"
        },
        "x86_64-darwin": {
          "outputs": [
            {
              "name": "out",
              "path": "/nix/store/mfi7c8ky8kwy1pj37hpamkwr2m6px461-kyverno-chainsaw-0.2.12",
              "default": true
            }
          ],
          "store_path": "/nix/store/mfi7c8ky8kwy1pj37hpamkwr2m6px461-kyverno-chainsaw-0.2.12"
        },
        "x86_64-linux": {
          "outputs": [
            {
              "name": "out",
              "path": "/nix/store/q9znv398daff24b5hr7x5qgx9iyf6ip8-kyverno-chainsaw-0.2.12",
              "default": true
            }
          ],
          "store_path": "/nix/store/q9znv398daff24b5hr7x5qgx9iyf6ip8-kyverno-chainsaw-0.2.12"
        }
      }
    },
    "mongosh@2.3.7": {
      "last_modified": "2025-01-19T08:16:51Z",
      "resolved": "github:NixOS/nixpkgs/50165c4f7eb48ce82bd063e1fb8047a0f515f8ce#mongosh",
      "source": "devbox-search",
      "version": "2.3.7",
      "systems": {
        "aarch64-darwin": {
          "outputs": [
            {
              "name": "out",
              "path": "/nix/store/yz0x0yll9yxmxrxm0m8xwzd05jqjvlxn-mongosh-2.3.7",
              "default": true
            }
          ],
          "store_path": "/nix/store/yz0x0yll9yxmxrxm0m8xwzd05jqjvlxn-mongosh-2.3.7"
        },
        "aarch64-linux": {
          "outputs": [
            {
              "name": "out",
              "path": "/nix/store/q97m3mdz966qbmvl7yyp69wasbwhhdyd-mongosh-2.3.7",
              "default": true
            }
          ],
          "store_path": "/nix/store/q97m3mdz966qbmvl7yyp69wasbwhhdyd-mongosh-2.3.7"
        },
        "x86_64-darwin": {
          "outputs": [
            {
              "name": "out",
              "path": "/nix/store/jagzqjam4q08l8hjcak30cngbzmzkhvh-mongosh-2.3.7",
              "default": true
            }
          ],
          "store_path": "/nix/store/jagzqjam4q08l8hjcak30cngbzmzkhvh-mongosh-2.3.7"
        },
        "x86_64-linux": {
          "outputs": [
            {
              "name": "out",
              "path": "/nix/store/7yxx0734i7ync4q7khhwwblh7k6vags4-mongosh-2.3.7",
              "default": true
            }
          ],
          "store_path": "/nix/store/7yxx0734i7ync4q7khhwwblh7k6vags4-mongosh-2.3.7"
        }
      }
    },
    "nushell@0.101.0": {
      "last_modified": "2025-01-19T08:16:51Z",
      "resolved": "github:NixOS/nixpkgs/50165c4f7eb48ce82bd063e1fb8047a0f515f8ce#nushell",
      "source": "devbox-search",
      "version": "0.101.0",
      "systems": {
        "aarch64-darwin": {
          "outputs": [
            {
              "name": "out",
              "path": "/nix/store/y41pymjy1lzfwvz5cwn1bz7nlnb8dwfc-nushell-0.101.0",
              "default": true
            }
          ],
          "store_path": "/nix/store/y41pymjy1lzfwvz5cwn1bz7nlnb8dwfc-nushell-0.101.0"
        },
        "aarch64-linux": {
          "outputs": [
            {
              "name": "out",
              "path": "/nix/store/kdadjn4w5kng8yrrnvx9id82rshqf9nz-nushell-0.101.0",
              "default": true
            }
          ],
          "store_path": "/nix/store/kdadjn4w5kng8yrrnvx9id82rshqf9nz-nushell-0.101.0"
        },
        "x86_64-darwin": {
          "outputs": [
            {
              "name": "out",
              "path": "/nix/store/nd9k6i5pww4mqh530pcqfbjfgazizjs3-nushell-0.101.0",
              "default": true
            }
          ],
          "store_path": "/nix/store/nd9k6i5pww4mqh530pcqfbjfgazizjs3-nushell-0.101.0"
        },
        "x86_64-linux": {
          "outputs": [
            {
              "name": "out",
              "path": "/nix/store/pd8rdrp5m1skfar69s5rsmb7laf3di96-nushell-0.101.0",
              "default": true
            }
          ],
          "store_path": "/nix/store/pd8rdrp5m1skfar69s5rsmb7laf3di96-nushell-0.101.0"
        }
      }
    }
  }
}
